
Microsoft Visual Studio Solution File, Format Version 12.00
# Visual Studio Version 17
VisualStudioVersion = 17.0.32126.317
MinimumVisualStudioVersion = 10.0.40219.1
Project("{FAE04EC0-301F-11D3-BF4B-00C04F79EFBC}") = "AwesomeBooksWeb", "AwesomeBooksWeb\AwesomeBooksWeb.csproj", "{6C139EC7-8B44-4158-BFF4-E305D95691F4}"
EndProject
Global
	GlobalSection(SolutionConfigurationPlatforms) = preSolution
		Debug|Any CPU = Debug|Any CPU
		Release|Any CPU = Release|Any CPU
	EndGlobalSection
	GlobalSection(ProjectConfigurationPlatforms) = postSolution
		{6C139EC7-8B44-4158-BFF4-E305D95691F4}.Debug|Any CPU.ActiveCfg = Debug|Any CPU
		{6C139EC7-8B44-4158-BFF4-E305D95691F4}.Debug|Any CPU.Build.0 = Debug|Any CPU
		{6C139EC7-8B44-4158-BFF4-E305D95691F4}.Release|Any CPU.ActiveCfg = Release|Any CPU
		{6C139EC7-8B44-4158-BFF4-E305D95691F4}.Release|Any CPU.Build.0 = Release|Any CPU
	EndGlobalSection
	GlobalSection(SolutionProperties) = preSolution
		HideSolutionNode = FALSE
	EndGlobalSection
	GlobalSection(ExtensibilityGlobals) = postSolution
		SolutionGuid = {FADAF25A-9CC1-440E-8C36-EBFE2B41C352}
	EndGlobalSection
EndGlobal
